
Microsoft Visual Studio Solution File, Format Version 12.00
# Visual Studio Version 17
VisualStudioVersion = 17.0.32112.339
MinimumVisualStudioVersion = 10.0.40219.1
Project("{FAE04EC0-301F-11D3-BF4B-00C04F79EFBC}") = "HomeWork1_ZakshevskijRodion_UTS-22", "HomeWork1_ZakshevskijRodion_UTS-22\HomeWork1_ZakshevskijRodion_UTS-22.csproj", "{63038773-BBCB-4149-B58F-9355B3EC33A3}"
EndProject
Global
	GlobalSection(SolutionConfigurationPlatforms) = preSolution
		Debug|Any CPU = Debug|Any CPU
		Release|Any CPU = Release|Any CPU
	EndGlobalSection
	GlobalSection(ProjectConfigurationPlatforms) = postSolution
		{63038773-BBCB-4149-B58F-9355B3EC33A3}.Debug|Any CPU.ActiveCfg = Debug|Any CPU
		{63038773-BBCB-4149-B58F-9355B3EC33A3}.Debug|Any CPU.Build.0 = Debug|Any CPU
		{63038773-BBCB-4149-B58F-9355B3EC33A3}.Release|Any CPU.ActiveCfg = Release|Any CPU
		{63038773-BBCB-4149-B58F-9355B3EC33A3}.Release|Any CPU.Build.0 = Release|Any CPU
	EndGlobalSection
	GlobalSection(SolutionProperties) = preSolution
		HideSolutionNode = FALSE
	EndGlobalSection
	GlobalSection(ExtensibilityGlobals) = postSolution
		SolutionGuid = {C2DC6995-E862-4209-A14E-B85DCF724AAD}
	EndGlobalSection
EndGlobal
